
Microsoft Visual Studio Solution File, Format Version 12.00
# Visual Studio 15
VisualStudioVersion = 15.0.27130.2010
MinimumVisualStudioVersion = 10.0.40219.1
Project("{FAE04EC0-301F-11D3-BF4B-00C04F79EFBC}") = "MvcDemo", "MvcDemo\MvcDemo.csproj", "{03DE9225-A614-4B01-A7AC-007F56BC0119}"
EndProject
Project("{FAE04EC0-301F-11D3-BF4B-00C04F79EFBC}") = "MvcDemo.Tests", "MvcDemo.Tests\MvcDemo.Tests.csproj", "{C7070FB7-34E0-472C-8237-11B9C054BA9F}"
EndProject
Global
	GlobalSection(SolutionConfigurationPlatforms) = preSolution
		Debug|Any CPU = Debug|Any CPU
		Release|Any CPU = Release|Any CPU
	EndGlobalSection
	GlobalSection(ProjectConfigurationPlatforms) = postSolution
		{03DE9225-A614-4B01-A7AC-007F56BC0119}.Debug|Any CPU.ActiveCfg = Debug|Any CPU
		{03DE9225-A614-4B01-A7AC-007F56BC0119}.Debug|Any CPU.Build.0 = Debug|Any CPU
		{03DE9225-A614-4B01-A7AC-007F56BC0119}.Release|Any CPU.ActiveCfg = Release|Any CPU
		{03DE9225-A614-4B01-A7AC-007F56BC0119}.Release|Any CPU.Build.0 = Release|Any CPU
		{C7070FB7-34E0-472C-8237-11B9C054BA9F}.Debug|Any CPU.ActiveCfg = Debug|Any CPU
		{C7070FB7-34E0-472C-8237-11B9C054BA9F}.Debug|Any CPU.Build.0 = Debug|Any CPU
		{C7070FB7-34E0-472C-8237-11B9C054BA9F}.Release|Any CPU.ActiveCfg = Release|Any CPU
		{C7070FB7-34E0-472C-8237-11B9C054BA9F}.Release|Any CPU.Build.0 = Release|Any CPU
	EndGlobalSection
	GlobalSection(SolutionProperties) = preSolution
		HideSolutionNode = FALSE
	EndGlobalSection
	GlobalSection(ExtensibilityGlobals) = postSolution
		SolutionGuid = {CFD34119-2558-4F48-A3D5-30EB9A3DEBFA}
	EndGlobalSection
EndGlobal
